Microsoft Visual Studio Solution File, Format Version 12.00
# Visual Studio Version 17
VisualStudioVersion = 17.10.34928.147
MinimumVisualStudioVersion = 10.0.40219.1
Project("{9A19103F-16F7-4668-BE54-9A1E7A4F7556}") = "LightingShowcase.Composer.Avalonia", "LightingShowcase.Composer.Avalonia\LightingShowcase.Composer.Avalonia.csproj", "{F2E86960-4D2C-46D7-8EEF-739A88FA50B8}"
EndProject
Project("{9A19103F-16F7-4668-BE54-9A1E7A4F7556}") = "LightingShowcase.Core", "LightingShowcase.Core\LightingShowcase.Core.csproj", "{55D079A1-6DDD-4E41-B669-402C0BB342A9}"
EndProject
Project("{9A19103F-16F7-4668-BE54-9A1E7A4F7556}") = "LightingShowcase.ImportExport.Gltf", "LightingShowcase.ImportExport.Gltf\LightingShowcase.ImportExport.Gltf.csproj", "{C8C90DAF-2A52-4390-95DD-AF914EAE6DC7}"
EndProject
Project("{9A19103F-16F7-4668-BE54-9A1E7A4F7556}") = "LightingShowcase.ImportExport.Obj", "LightingShowcase.ImportExport.Obj\LightingShowcase.ImportExport.Obj.csproj", "{D3EEE3E1-54D7-4DFA-9E6E-F965F14B7E36}"
EndProject
Project("{9A19103F-16F7-4668-BE54-9A1E7A4F7556}") = "LightingShowcase.ImportExport.Stl", "LightingShowcase.ImportExport.Stl\LightingShowcase.ImportExport.Stl.csproj", "{BA7576E0-6189-4AAF-97A7-75AD297EF8B3}"
EndProject
Project("{9A19103F-16F7-4668-BE54-9A1E7A4F7556}") = "LightingShowcase.ImportExport.Ply", "LightingShowcase.ImportExport.Ply\LightingShowcase.ImportExport.Ply.csproj", "{034B98BC-EF43-496C-99A5-0EA54BBF38E5}"
EndProject
Project("{9A19103F-16F7-4668-BE54-9A1E7A4F7556}") = "LightingShowcase.ImportExport.ThreeDs", "LightingShowcase.ImportExport.ThreeDs\LightingShowcase.ImportExport.ThreeDs.csproj", "{689AFFD9-CAA4-45BC-90C1-2ABCA4500BE3}"
EndProject
Project("{9A19103F-16F7-4668-BE54-9A1E7A4F7556}") = "LightingShowcase.ImportExport.Fbx", "LightingShowcase.ImportExport.Fbx\LightingShowcase.ImportExport.Fbx.csproj", "{7CF7F9BD-6933-4C49-833B-ABD2207962A9}"
EndProject
Project("{9A19103F-16F7-4668-BE54-9A1E7A4F7556}") = "LightingShowcase.ImportExport.PropXml", "LightingShowcase.ImportExport.PropXml\LightingShowcase.ImportExport.PropXml.csproj", "{A28CECB0-F901-4397-94BE-3EF9E7D2362D}"
EndProject
Project("{9A19103F-16F7-4668-BE54-9A1E7A4F7556}") = "LightingShowcase.ObjectLibrary.BuiltIns", "LightingShowcase.ObjectLibrary.BuiltIns\LightingShowcase.ObjectLibrary.BuiltIns.csproj", "{4B11BB7E-B14C-4587-A417-AA58FE91C70C}"
EndProject
Project("{9A19103F-16F7-4668-BE54-9A1E7A4F7556}") = "LightingShowcase.ObjectLibrary.ReadyMade", "LightingShowcase.ObjectLibrary.ReadyMade\LightingShowcase.ObjectLibrary.ReadyMade.csproj", "{879DE645-AFDE-466E-B5E0-FF9EE6583426}"
EndProject
Project("{9A19103F-16F7-4668-BE54-9A1E7A4F7556}") = "LightingShowcase.Composer.Tests", "LightingShowcase.Composer.Tests\LightingShowcase.Composer.Tests.csproj", "{A6F2D783-7C9A-4B71-AF14-640A51F885C8}"
EndProject
Global
	GlobalSection(SolutionConfigurationPlatforms) = preSolution
		Debug|Any CPU = Debug|Any CPU
		Release|Any CPU = Release|Any CPU
	EndGlobalSection
	GlobalSection(ProjectConfigurationPlatforms) = postSolution
		{F2E86960-4D2C-46D7-8EEF-739A88FA50B8}.Debug|Any CPU.ActiveCfg = Debug|Any CPU
		{F2E86960-4D2C-46D7-8EEF-739A88FA50B8}.Debug|Any CPU.Build.0 = Debug|Any CPU
		{F2E86960-4D2C-46D7-8EEF-739A88FA50B8}.Release|Any CPU.ActiveCfg = Release|Any CPU
		{F2E86960-4D2C-46D7-8EEF-739A88FA50B8}.Release|Any CPU.Build.0 = Release|Any CPU
		{55D079A1-6DDD-4E41-B669-402C0BB342A9}.Debug|Any CPU.ActiveCfg = Debug|Any CPU
		{55D079A1-6DDD-4E41-B669-402C0BB342A9}.Debug|Any CPU.Build.0 = Debug|Any CPU
		{55D079A1-6DDD-4E41-B669-402C0BB342A9}.Release|Any CPU.ActiveCfg = Release|Any CPU
		{55D079A1-6DDD-4E41-B669-402C0BB342A9}.Release|Any CPU.Build.0 = Release|Any CPU
		{C8C90DAF-2A52-4390-95DD-AF914EAE6DC7}.Debug|Any CPU.ActiveCfg = Debug|Any CPU
		{C8C90DAF-2A52-4390-95DD-AF914EAE6DC7}.Debug|Any CPU.Build.0 = Debug|Any CPU
		{C8C90DAF-2A52-4390-95DD-AF914EAE6DC7}.Release|Any CPU.ActiveCfg = Release|Any CPU
		{C8C90DAF-2A52-4390-95DD-AF914EAE6DC7}.Release|Any CPU.Build.0 = Release|Any CPU
		{D3EEE3E1-54D7-4DFA-9E6E-F965F14B7E36}.Debug|Any CPU.ActiveCfg = Debug|Any CPU
		{D3EEE3E1-54D7-4DFA-9E6E-F965F14B7E36}.Debug|Any CPU.Build.0 = Debug|Any CPU
		{D3EEE3E1-54D7-4DFA-9E6E-F965F14B7E36}.Release|Any CPU.ActiveCfg = Release|Any CPU
		{D3EEE3E1-54D7-4DFA-9E6E-F965F14B7E36}.Release|Any CPU.Build.0 = Release|Any CPU
		{BA7576E0-6189-4AAF-97A7-75AD297EF8B3}.Debug|Any CPU.ActiveCfg = Debug|Any CPU
		{BA7576E0-6189-4AAF-97A7-75AD297EF8B3}.Debug|Any CPU.Build.0 = Debug|Any CPU
		{BA7576E0-6189-4AAF-97A7-75AD297EF8B3}.Release|Any CPU.ActiveCfg = Release|Any CPU
		{BA7576E0-6189-4AAF-97A7-75AD297EF8B3}.Release|Any CPU.Build.0 = Release|Any CPU
		{034B98BC-EF43-496C-99A5-0EA54BBF38E5}.Debug|Any CPU.ActiveCfg = Debug|Any CPU
		{034B98BC-EF43-496C-99A5-0EA54BBF38E5}.Debug|Any CPU.Build.0 = Debug|Any CPU
		{034B98BC-EF43-496C-99A5-0EA54BBF38E5}.Release|Any CPU.ActiveCfg = Release|Any CPU
		{034B98BC-EF43-496C-99A5-0EA54BBF38E5}.Release|Any CPU.Build.0 = Release|Any CPU
		{689AFFD9-CAA4-45BC-90C1-2ABCA4500BE3}.Debug|Any CPU.ActiveCfg = Debug|Any CPU
		{689AFFD9-CAA4-45BC-90C1-2ABCA4500BE3}.Debug|Any CPU.Build.0 = Debug|Any CPU
		{689AFFD9-CAA4-45BC-90C1-2ABCA4500BE3}.Release|Any CPU.ActiveCfg = Release|Any CPU
		{689AFFD9-CAA4-45BC-90C1-2ABCA4500BE3}.Release|Any CPU.Build.0 = Release|Any CPU
		{7CF7F9BD-6933-4C49-833B-ABD2207962A9}.Debug|Any CPU.ActiveCfg = Debug|Any CPU
		{7CF7F9BD-6933-4C49-833B-ABD2207962A9}.Debug|Any CPU.Build.0 = Debug|Any CPU
		{7CF7F9BD-6933-4C49-833B-ABD2207962A9}.Release|Any CPU.ActiveCfg = Release|Any CPU
		{7CF7F9BD-6933-4C49-833B-ABD2207962A9}.Release|Any CPU.Build.0 = Release|Any CPU
		{A28CECB0-F901-4397-94BE-3EF9E7D2362D}.Debug|Any CPU.ActiveCfg = Debug|Any CPU
		{A28CECB0-F901-4397-94BE-3EF9E7D2362D}.Debug|Any CPU.Build.0 = Debug|Any CPU
		{A28CECB0-F901-4397-94BE-3EF9E7D2362D}.Release|Any CPU.ActiveCfg = Release|Any CPU
		{A28CECB0-F901-4397-94BE-3EF9E7D2362D}.Release|Any CPU.Build.0 = Release|Any CPU
		{4B11BB7E-B14C-4587-A417-AA58FE91C70C}.Debug|Any CPU.ActiveCfg = Debug|Any CPU
		{4B11BB7E-B14C-4587-A417-AA58FE91C70C}.Debug|Any CPU.Build.0 = Debug|Any CPU
		{4B11BB7E-B14C-4587-A417-AA58FE91C70C}.Release|Any CPU.ActiveCfg = Release|Any CPU
		{4B11BB7E-B14C-4587-A417-AA58FE91C70C}.Release|Any CPU.Build.0 = Release|Any CPU
		{879DE645-AFDE-466E-B5E0-FF9EE6583426}.Debug|Any CPU.ActiveCfg = Debug|Any CPU
		{879DE645-AFDE-466E-B5E0-FF9EE6583426}.Debug|Any CPU.Build.0 = Debug|Any CPU
		{879DE645-AFDE-466E-B5E0-FF9EE6583426}.Release|Any CPU.ActiveCfg = Release|Any CPU
		{879DE645-AFDE-466E-B5E0-FF9EE6583426}.Release|Any CPU.Build.0 = Release|Any CPU

		{A6F2D783-7C9A-4B71-AF14-640A51F885C8}.Debug|Any CPU.ActiveCfg = Debug|Any CPU
		{A6F2D783-7C9A-4B71-AF14-640A51F885C8}.Debug|Any CPU.Build.0 = Debug|Any CPU
		{A6F2D783-7C9A-4B71-AF14-640A51F885C8}.Release|Any CPU.ActiveCfg = Release|Any CPU
		{A6F2D783-7C9A-4B71-AF14-640A51F885C8}.Release|Any CPU.Build.0 = Release|Any CPU
	EndGlobalSection
	GlobalSection(SolutionProperties) = preSolution
		HideSolutionNode = FALSE
	EndGlobalSection
	GlobalSection(ExtensibilityGlobals) = postSolution
		SolutionGuid = {18CE4FA4-8806-47EE-94A3-839A2EE3B0C2}
	EndGlobalSection
EndGlobal
